// !$*UTF8*$!
{
	archiveVersion = 1;
	classes = {
	};
	objectVersion = 55;
	objects = {

/* Begin PBXBuildFile section */
		76C5B2272800A415005D8FA5 /* StudentObjectApp.swift in Sources */ = {isa = PBXBuildFile; fileRef = 76C5B2262800A415005D8FA5 /* StudentObjectApp.swift */; };
		76C5B2292800A415005D8FA5 /* ContentView.swift in Sources */ = {isa = PBXBuildFile; fileRef = 76C5B2282800A415005D8FA5 /* ContentView.swift */; };
		76C5B22B2800A416005D8FA5 /* Assets.xcassets in Resources */ = {isa = PBXBuildFile; fileRef = 76C5B22A2800A416005D8FA5 /* Assets.xcassets */; };
		76C5B22E2800A416005D8FA5 /* Preview Assets.xcassets in Resources */ = {isa = PBXBuildFile; fileRef = 76C5B22D2800A416005D8FA5 /* Preview Assets.xcassets */; };
		76C5B2302800A416005D8FA5 /* Persistence.swift in Sources */ = {isa = PBXBuildFile; fileRef = 76C5B22F2800A416005D8FA5 /* Persistence.swift */; };
		76C5B2332800A416005D8FA5 /* StudentObject.xcdatamodeld in Sources */ = {isa = PBXBuildFile; fileRef = 76C5B2312800A416005D8FA5 /* StudentObject.xcdatamodeld */; };
		76C5B23D2800A416005D8FA5 /* StudentObjectTests.swift in Sources */ = {isa = PBXBuildFile; fileRef = 76C5B23C2800A416005D8FA5 /* StudentObjectTests.swift */; };
		76C5B2472800A416005D8FA5 /* StudentObjectUITests.swift in Sources */ = {isa = PBXBuildFile; fileRef = 76C5B2462800A416005D8FA5 /* StudentObjectUITests.swift */; };
		76C5B2492800A416005D8FA5 /* StudentObjectUITestsLaunchTests.swift in Sources */ = {isa = PBXBuildFile; fileRef = 76C5B2482800A416005D8FA5 /* StudentObjectUITestsLaunchTests.swift */; };
/* End PBXBuildFile section */

/* Begin PBXContainerItemProxy section */
		76C5B2392800A416005D8FA5 /* PBXContainerItemProxy */ = {
			isa = PBXContainerItemProxy;
			containerPortal = 76C5B21B2800A415005D8FA5 /* Project object */;
			proxyType = 1;
			remoteGlobalIDString = 76C5B2222800A415005D8FA5;
			remoteInfo = StudentObject;
		};
		76C5B2432800A416005D8FA5 /* PBXContainerItemProxy */ = {
			isa = PBXContainerItemProxy;
			containerPortal = 76C5B21B2800A415005D8FA5 /* Project object */;
			proxyType = 1;
			remoteGlobalIDString = 76C5B2222800A415005D8FA5;
			remoteInfo = StudentObject;
		};
/* End PBXContainerItemProxy section */

/* Begin PBXFileReference section */
		76C5B2232800A415005D8FA5 /* StudentObject.app */ = {isa = PBXFileReference; explicitFileType = wrapper.application; includeInIndex = 0; path = StudentObject.app; sourceTree = BUILT_PRODUCTS_DIR; };
		76C5B2262800A415005D8FA5 /* StudentObjectApp.swift */ = {isa = PBXFileReference; lastKnownFileType = sourcecode.swift; path = StudentObjectApp.swift; sourceTree = "<group>"; };
		76C5B2282800A415005D8FA5 /* ContentView.swift */ = {isa = PBXFileReference; lastKnownFileType = sourcecode.swift; path = ContentView.swift; sourceTree = "<group>"; };
		76C5B22A2800A416005D8FA5 /* Assets.xcassets */ = {isa = PBXFileReference; lastKnownFileType = folder.assetcatalog; path = Assets.xcassets; sourceTree = "<group>"; };
		76C5B22D2800A416005D8FA5 /* Preview Assets.xcassets */ = {isa = PBXFileReference; lastKnownFileType = folder.assetcatalog; path = "Preview Assets.xcassets"; sourceTree = "<group>"; };
		76C5B22F2800A416005D8FA5 /* Persistence.swift */ = {isa = PBXFileReference; lastKnownFileType = sourcecode.swift; path = Persistence.swift; sourceTree = "<group>"; };
		76C5B2322800A416005D8FA5 /* StudentObject.xcdatamodel */ = {isa = PBXFileReference; lastKnownFileType = wrapper.xcdatamodel; path = StudentObject.xcdatamodel; sourceTree = "<group>"; };
		76C5B2382800A416005D8FA5 /* StudentObjectTests.xctest */ = {isa = PBXFileReference; explicitFileType = wrapper.cfbundle; includeInIndex = 0; path = StudentObjectTests.xctest; sourceTree = BUILT_PRODUCTS_DIR; };
		76C5B23C2800A416005D8FA5 /* StudentObjectTests.swift */ = {isa = PBXFileReference; lastKnownFileType = sourcecode.swift; path = StudentObjectTests.swift; sourceTree = "<group>"; };
		76C5B2422800A416005D8FA5 /* StudentObjectUITests.xctest */ = {isa = PBXFileReference; explicitFileType = wrapper.cfbundle; includeInIndex = 0; path = StudentObjectUITests.xctest; sourceTree = BUILT_PRODUCTS_DIR; };
		76C5B2462800A416005D8FA5 /* StudentObjectUITests.swift */ = {isa = PBXFileReference; lastKnownFileType = sourcecode.swift; path = StudentObjectUITests.swift; sourceTree = "<group>"; };
		76C5B2482800A416005D8FA5 /* StudentObjectUITestsLaunchTests.swift */ = {isa = PBXFileReference; lastKnownFileType = sourcecode.swift; path = StudentObjectUITestsLaunchTests.swift; sourceTree = "<group>"; };
/* End PBXFileReference section */

/* Begin PBXFrameworksBuildPhase section */
		76C5B2202800A415005D8FA5 /* Frameworks */ = {
			isa = PBXFrameworksBuildPhase;
			buildActionMask = 2147483647;
			files = (
			);
			runOnlyForDeploymentPostprocessing = 0;
		};
		76C5B2352800A416005D8FA5 /* Frameworks */ = {
			isa = PBXFrameworksBuildPhase;
			buildActionMask = 2147483647;
			files = (
			);
			runOnlyForDeploymentPostprocessing = 0;
		};
		76C5B23F2800A416005D8FA5 /* Frameworks */ = {
			isa = PBXFrameworksBuildPhase;
			buildActionMask = 2147483647;
			files = (
			);
			runOnlyForDeploymentPostprocessing = 0;
		};
/* End PBXFrameworksBuildPhase section */

/* Begin PBXGroup section */
		76C5B21A2800A415005D8FA5 = {
			isa = PBXGroup;
			children = (
				76C5B2252800A415005D8FA5 /* StudentObject */,
				76C5B23B2800A416005D8FA5 /* StudentObjectTests */,
				76C5B2452800A416005D8FA5 /* StudentObjectUITests */,
				76C5B2242800A415005D8FA5 /* Products */,
			);
			sourceTree = "<group>";
		};
		76C5B2242800A415005D8FA5 /* Products */ = {
			isa = PBXGroup;
			children = (
				76C5B2232800A415005D8FA5 /* StudentObject.app */,
				76C5B2382800A416005D8FA5 /* StudentObjectTests.xctest */,
				76C5B2422800A416005D8FA5 /* StudentObjectUITests.xctest */,
			);
			name = Products;
			sourceTree = "<group>";
		};
		76C5B2252800A415005D8FA5 /* StudentObject */ = {
			isa = PBXGroup;
			children = (
				76C5B2262800A415005D8FA5 /* StudentObjectApp.swift */,
				76C5B2282800A415005D8FA5 /* ContentView.swift */,
				76C5B22A2800A416005D8FA5 /* Assets.xcassets */,
				76C5B22F2800A416005D8FA5 /* Persistence.swift */,
				76C5B2312800A416005D8FA5 /* StudentObject.xcdatamodeld */,
				76C5B22C2800A416005D8FA5 /* Preview Content */,
			);
			path = StudentObject;
			sourceTree = "<group>";
		};
		76C5B22C2800A416005D8FA5 /* Preview Content */ = {
			isa = PBXGroup;
			children = (
				76C5B22D2800A416005D8FA5 /* Preview Assets.xcassets */,
			);
			path = "Preview Content";
			sourceTree = "<group>";
		};
		76C5B23B2800A416005D8FA5 /* StudentObjectTests */ = {
			isa = PBXGroup;
			children = (
				76C5B23C2800A416005D8FA5 /* StudentObjectTests.swift */,
			);
			path = StudentObjectTests;
			sourceTree = "<group>";
		};
		76C5B2452800A416005D8FA5 /* StudentObjectUITests */ = {
			isa = PBXGroup;
			children = (
				76C5B2462800A416005D8FA5 /* StudentObjectUITests.swift */,
				76C5B2482800A416005D8FA5 /* StudentObjectUITestsLaunchTests.swift */,
			);
			path = StudentObjectUITests;
			sourceTree = "<group>";
		};
/* End PBXGroup section */

/* Begin PBXNativeTarget section */
		76C5B2222800A415005D8FA5 /* StudentObject */ = {
			isa = PBXNativeTarget;
			buildConfigurationList = 76C5B24C2800A416005D8FA5 /* Build configuration list for PBXNativeTarget "StudentObject" */;
			buildPhases = (
				76C5B21F2800A415005D8FA5 /* Sources */,
				76C5B2202800A415005D8FA5 /* Frameworks */,
				76C5B2212800A415005D8FA5 /* Resources */,
			);
			buildRules = (
			);
			dependencies = (
			);
			name = StudentObject;
			productName = StudentObject;
			productReference = 76C5B2232800A415005D8FA5 /* StudentObject.app */;
			productType = "com.apple.product-type.application";
		};
		76C5B2372800A416005D8FA5 /* StudentObjectTests */ = {
			isa = PBXNativeTarget;
			buildConfigurationList = 76C5B24F2800A416005D8FA5 /* Build configuration list for PBXNativeTarget "StudentObjectTests" */;
			buildPhases = (
				76C5B2342800A416005D8FA5 /* Sources */,
				76C5B2352800A416005D8FA5 /* Frameworks */,
				76C5B2362800A416005D8FA5 /* Resources */,
			);
			buildRules = (
			);
			dependencies = (
				76C5B23A2800A416005D8FA5 /* PBXTargetDependency */,
			);
			name = StudentObjectTests;
			productName = StudentObjectTests;
			productReference = 76C5B2382800A416005D8FA5 /* StudentObjectTests.xctest */;
			productType = "com.apple.product-type.bundle.unit-test";
		};
		76C5B2412800A416005D8FA5 /* StudentObjectUITests */ = {
			isa = PBXNativeTarget;
			buildConfigurationList = 76C5B2522800A416005D8FA5 /* Build configuration list for PBXNativeTarget "StudentObjectUITests" */;
			buildPhases = (
				76C5B23E2800A416005D8FA5 /* Sources */,
				76C5B23F2800A416005D8FA5 /* Frameworks */,
				76C5B2402800A416005D8FA5 /* Resources */,
			);
			buildRules = (
			);
			dependencies = (
				76C5B2442800A416005D8FA5 /* PBXTargetDependency */,
			);
			name = StudentObjectUITests;
			productName = StudentObjectUITests;
			productReference = 76C5B2422800A416005D8FA5 /* StudentObjectUITests.xctest */;
			productType = "com.apple.product-type.bundle.ui-testing";
		};
/* End PBXNativeTarget section */

/* Begin PBXProject section */
		76C5B21B2800A415005D8FA5 /* Project object */ = {
			isa = PBXProject;
			attributes = {
				BuildIndependentTargetsInParallel = 1;
				LastSwiftUpdateCheck = 1320;
				LastUpgradeCheck = 1320;
				TargetAttributes = {
					76C5B2222800A415005D8FA5 = {
						CreatedOnToolsVersion = 13.2.1;
					};
					76C5B2372800A416005D8FA5 = {
						CreatedOnToolsVersion = 13.2.1;
						TestTargetID = 76C5B2222800A415005D8FA5;
					};
					76C5B2412800A416005D8FA5 = {
						CreatedOnToolsVersion = 13.2.1;
						TestTargetID = 76C5B2222800A415005D8FA5;
					};
				};
			};
			buildConfigurationList = 76C5B21E2800A415005D8FA5 /* Build configuration list for PBXProject "StudentObject" */;
			compatibilityVersion = "Xcode 13.0";
			developmentRegion = en;
			hasScannedForEncodings = 0;
			knownRegions = (
				en,
				Base,
			);
			mainGroup = 76C5B21A2800A415005D8FA5;
			productRefGroup = 76C5B2242800A415005D8FA5 /* Products */;
			projectDirPath = "";
			projectRoot = "";
			targets = (
				76C5B2222800A415005D8FA5 /* StudentObject */,
				76C5B2372800A416005D8FA5 /* StudentObjectTests */,
				76C5B2412800A416005D8FA5 /* StudentObjectUITests */,
			);
		};
/* End PBXProject section */

/* Begin PBXResourcesBuildPhase section */
		76C5B2212800A415005D8FA5 /* Resources */ = {
			isa = PBXResourcesBuildPhase;
			buildActionMask = 2147483647;
			files = (
				76C5B22E2800A416005D8FA5 /* Preview Assets.xcassets in Resources */,
				76C5B22B2800A416005D8FA5 /* Assets.xcassets in Resources */,
			);
			runOnlyForDeploymentPostprocessing = 0;
		};
		76C5B2362800A416005D8FA5 /* Resources */ = {
			isa = PBXResourcesBuildPhase;
			buildActionMask = 2147483647;
			files = (
			);
			runOnlyForDeploymentPostprocessing = 0;
		};
		76C5B2402800A416005D8FA5 /* Resources */ = {
			isa = PBXResourcesBuildPhase;
			buildActionMask = 2147483647;
			files = (
			);
			runOnlyForDeploymentPostprocessing = 0;
		};
/* End PBXResourcesBuildPhase section */

/* Begin PBXSourcesBuildPhase section */
		76C5B21F2800A415005D8FA5 /* Sources */ = {
			isa = PBXSourcesBuildPhase;
			buildActionMask = 2147483647;
			files = (
				76C5B2332800A416005D8FA5 /* StudentObject.xcdatamodeld in Sources */,
				76C5B2302800A416005D8FA5 /* Persistence.swift in Sources */,
				76C5B2292800A415005D8FA5 /* ContentView.swift in Sources */,
				76C5B2272800A415005D8FA5 /* StudentObjectApp.swift in Sources */,
			);
			runOnlyForDeploymentPostprocessing = 0;
		};
		76C5B2342800A416005D8FA5 /* Sources */ = {
			isa = PBXSourcesBuildPhase;
			buildActionMask = 2147483647;
			files = (
				76C5B23D2800A416005D8FA5 /* StudentObjectTests.swift in Sources */,
			);
			runOnlyForDeploymentPostprocessing = 0;
		};
		76C5B23E2800A416005D8FA5 /* Sources */ = {
			isa = PBXSourcesBuildPhase;
			buildActionMask = 2147483647;
			files = (
				76C5B2472800A416005D8FA5 /* StudentObjectUITests.swift in Sources */,
				76C5B2492800A416005D8FA5 /* StudentObjectUITestsLaunchTests.swift in Sources */,
			);
			runOnlyForDeploymentPostprocessing = 0;
		};
/* End PBXSourcesBuildPhase section */

/* Begin PBXTargetDependency section */
		76C5B23A2800A416005D8FA5 /* PBXTargetDependency */ = {
			isa = PBXTargetDependency;
			target = 76C5B2222800A415005D8FA5 /* StudentObject */;
			targetProxy = 76C5B2392800A416005D8FA5 /* PBXContainerItemProxy */;
		};
		76C5B2442800A416005D8FA5 /* PBXTargetDependency */ = {
			isa = PBXTargetDependency;
			target = 76C5B2222800A415005D8FA5 /* StudentObject */;
			targetProxy = 76C5B2432800A416005D8FA5 /* PBXContainerItemProxy */;
		};
/* End PBXTargetDependency section */

/* Begin XCBuildConfiguration section */
		76C5B24A2800A416005D8FA5 /* Debug */ = {
			isa = XCBuildConfiguration;
			buildSettings = {
				ALWAYS_SEARCH_USER_PATHS = NO;
				CLANG_ANALYZER_NONNULL = YES;
				CLANG_ANALYZER_NUMBER_OBJECT_CONVERSION = YES_AGGRESSIVE;
				CLANG_CXX_LANGUAGE_STANDARD = "gnu++17";
				CLANG_CXX_LIBRARY = "libc++";
				CLANG_ENABLE_MODULES = YES;
				CLANG_ENABLE_OBJC_ARC = YES;
				CLANG_ENABLE_OBJC_WEAK = YES;
				CLANG_WARN_BLOCK_CAPTURE_AUTORELEASING = YES;
				CLANG_WARN_BOOL_CONVERSION = YES;
				CLANG_WARN_COMMA = YES;
				CLANG_WARN_CONSTANT_CONVERSION = YES;
				CLANG_WARN_DEPRECATED_OBJC_IMPLEMENTATIONS = YES;
				CLANG_WARN_DIRECT_OBJC_ISA_USAGE = YES_ERROR;
				CLANG_WARN_DOCUMENTATION_COMMENTS = YES;
				CLANG_WARN_EMPTY_BODY = YES;
				CLANG_WARN_ENUM_CONVERSION = YES;
				CLANG_WARN_INFINITE_RECURSION = YES;
				CLANG_WARN_INT_CONVERSION = YES;
				CLANG_WARN_NON_LITERAL_NULL_CONVERSION = YES;
				CLANG_WARN_OBJC_IMPLICIT_RETAIN_SELF = YES;
				CLANG_WARN_OBJC_LITERAL_CONVERSION = YES;
				CLANG_WARN_OBJC_ROOT_CLASS = YES_ERROR;
				CLANG_WARN_QUOTED_INCLUDE_IN_FRAMEWORK_HEADER = YES;
				CLANG_WARN_RANGE_LOOP_ANALYSIS = YES;
				CLANG_WARN_STRICT_PROTOTYPES = YES;
				CLANG_WARN_SUSPICIOUS_MOVE = YES;
				CLANG_WARN_UNGUARDED_AVAILABILITY = YES_AGGRESSIVE;
				CLANG_WARN_UNREACHABLE_CODE = YES;
				CLANG_WARN__DUPLICATE_METHOD_MATCH = YES;
				COPY_PHASE_STRIP = NO;
				DEBUG_INFORMATION_FORMAT = dwarf;
				ENABLE_STRICT_OBJC_MSGSEND = YES;
				ENABLE_TESTABILITY = YES;
				GCC_C_LANGUAGE_STANDARD = gnu11;
				GCC_DYNAMIC_NO_PIC = NO;
				GCC_NO_COMMON_BLOCKS = YES;
				GCC_OPTIMIZATION_LEVEL = 0;
				GCC_PREPROCESSOR_DEFINITIONS = (
					"DEBUG=1",
					"$(inherited)",
				);
				GCC_WARN_64_TO_32_BIT_CONVERSION = YES;
				GCC_WARN_ABOUT_RETURN_TYPE = YES_ERROR;
				GCC_WARN_UNDECLARED_SELECTOR = YES;
				GCC_WARN_UNINITIALIZED_AUTOS = YES_AGGRESSIVE;
				GCC_WARN_UNUSED_FUNCTION = YES;
				GCC_WARN_UNUSED_VARIABLE = YES;
				IPHONEOS_DEPLOYMENT_TARGET = 15.2;
				MTL_ENABLE_DEBUG_INFO = INCLUDE_SOURCE;
				MTL_FAST_MATH = YES;
				ONLY_ACTIVE_ARCH = YES;
				SDKROOT = iphoneos;
				SWIFT_ACTIVE_COMPILATION_CONDITIONS = DEBUG;
				SWIFT_OPTIMIZATION_LEVEL = "-Onone";
			};
			name = Debug;
		};
		76C5B24B2800A416005D8FA5 /* Release */ = {
			isa = XCBuildConfiguration;
			buildSettings = {
				ALWAYS_SEARCH_USER_PATHS = NO;
				CLANG_ANALYZER_NONNULL = YES;
				CLANG_ANALYZER_NUMBER_OBJECT_CONVERSION = YES_AGGRESSIVE;
				CLANG_CXX_LANGUAGE_STANDARD = "gnu++17";
				CLANG_CXX_LIBRARY = "libc++";
				CLANG_ENABLE_MODULES = YES;
				CLANG_ENABLE_OBJC_ARC = YES;
				CLANG_ENABLE_OBJC_WEAK = YES;
				CLANG_WARN_BLOCK_CAPTURE_AUTORELEASING = YES;
				CLANG_WARN_BOOL_CONVERSION = YES;
				CLANG_WARN_COMMA = YES;
				CLANG_WARN_CONSTANT_CONVERSION = YES;
				CLANG_WARN_DEPRECATED_OBJC_IMPLEMENTATIONS = YES;
				CLANG_WARN_DIRECT_OBJC_ISA_USAGE = YES_ERROR;
				CLANG_WARN_DOCUMENTATION_COMMENTS = YES;
				CLANG_WARN_EMPTY_BODY = YES;
				CLANG_WARN_ENUM_CONVERSION = YES;
				CLANG_WARN_INFINITE_RECURSION = YES;
				CLANG_WARN_INT_CONVERSION = YES;
				CLANG_WARN_NON_LITERAL_NULL_CONVERSION = YES;
				CLANG_WARN_OBJC_IMPLICIT_RETAIN_SELF = YES;
				CLANG_WARN_OBJC_LITERAL_CONVERSION = YES;
				CLANG_WARN_OBJC_ROOT_CLASS = YES_ERROR;
				CLANG_WARN_QUOTED_INCLUDE_IN_FRAMEWORK_HEADER = YES;
				CLANG_WARN_RANGE_LOOP_ANALYSIS = YES;
				CLANG_WARN_STRICT_PROTOTYPES = YES;
				CLANG_WARN_SUSPICIOUS_MOVE = YES;
				CLANG_WARN_UNGUARDED_AVAILABILITY = YES_AGGRESSIVE;
				CLANG_WARN_UNREACHABLE_CODE = YES;
				CLANG_WARN__DUPLICATE_METHOD_MATCH = YES;
				COPY_PHASE_STRIP = NO;
				DEBUG_INFORMATION_FORMAT = "dwarf-with-dsym";
				ENABLE_NS_ASSERTIONS = NO;
				ENABLE_STRICT_OBJC_MSGSEND = YES;
				GCC_C_LANGUAGE_STANDARD = gnu11;
				GCC_NO_COMMON_BLOCKS = YES;
				GCC_WARN_64_TO_32_BIT_CONVERSION = YES;
				GCC_WARN_ABOUT_RETURN_TYPE = YES_ERROR;
				GCC_WARN_UNDECLARED_SELECTOR = YES;
				GCC_WARN_UNINITIALIZED_AUTOS = YES_AGGRESSIVE;
				GCC_WARN_UNUSED_FUNCTION = YES;
				GCC_WARN_UNUSED_VARIABLE = YES;
				IPHONEOS_DEPLOYMENT_TARGET = 15.2;
				MTL_ENABLE_DEBUG_INFO = NO;
				MTL_FAST_MATH = YES;
				SDKROOT = iphoneos;
				SWIFT_COMPILATION_MODE = wholemodule;
				SWIFT_OPTIMIZATION_LEVEL = "-O";
				VALIDATE_PRODUCT = YES;
			};
			name = Release;
		};
		76C5B24D2800A416005D8FA5 /* Debug */ = {
			isa = XCBuildConfiguration;
			buildSettings = {
				ASSETCATALOG_COMPILER_APPICON_NAME = AppIcon;
				ASSETCATALOG_COMPILER_GLOBAL_ACCENT_COLOR_NAME = AccentColor;
				CODE_SIGN_STYLE = Automatic;
				CURRENT_PROJECT_VERSION = 1;
				DEVELOPMENT_ASSET_PATHS = "\"StudentObject/Preview Content\"";
				ENABLE_PREVIEWS = YES;
				GENERATE_INFOPLIST_FILE = YES;
				INFOPLIST_KEY_UIApplicationSceneManifest_Generation = YES;
				INFOPLIST_KEY_UIApplicationSupportsIndirectInputEvents = YES;
				INFOPLIST_KEY_UILaunchScreen_Generation = YES;
				INFOPLIST_KEY_UISupportedInterfaceOrientations_iPad = "UIInterfaceOrientationPortrait UIInterfaceOrientationPortraitUpsideDown UIInterfaceOrientationLandscapeLeft UIInterfaceOrientationLandscapeRight";
				INFOPLIST_KEY_UISupportedInterfaceOrientations_iPhone = "UIInterfaceOrientationPortrait UIInterfaceOrientationLandscapeLeft UIInterfaceOrientationLandscapeRight";
				LD_RUNPATH_SEARCH_PATHS = (
					"$(inherited)",
					"@executable_path/Frameworks",
				);
				MARKETING_VERSION = 1.0;
				PRODUCT_BUNDLE_IDENTIFIER = cpp.StudentObject;
				PRODUCT_NAME = "$(TARGET_NAME)";
				SWIFT_EMIT_LOC_STRINGS = YES;
				SWIFT_VERSION = 5.0;
				TARGETED_DEVICE_FAMILY = "1,2";
			};
			name = Debug;
		};
		76C5B24E2800A416005D8FA5 /* Release */ = {
			isa = XCBuildConfiguration;
			buildSettings = {
				ASSETCATALOG_COMPILER_APPICON_NAME = AppIcon;
				ASSETCATALOG_COMPILER_GLOBAL_ACCENT_COLOR_NAME = AccentColor;
				CODE_SIGN_STYLE = Automatic;
				CURRENT_PROJECT_VERSION = 1;
				DEVELOPMENT_ASSET_PATHS = "\"StudentObject/Preview Content\"";
				ENABLE_PREVIEWS = YES;
				GENERATE_INFOPLIST_FILE = YES;
				INFOPLIST_KEY_UIApplicationSceneManifest_Generation = YES;
				INFOPLIST_KEY_UIApplicationSupportsIndirectInputEvents = YES;
				INFOPLIST_KEY_UILaunchScreen_Generation = YES;
				INFOPLIST_KEY_UISupportedInterfaceOrientations_iPad = "UIInterfaceOrientationPortrait UIInterfaceOrientationPortraitUpsideDown UIInterfaceOrientationLandscapeLeft UIInterfaceOrientationLandscapeRight";
				INFOPLIST_KEY_UISupportedInterfaceOrientations_iPhone = "UIInterfaceOrientationPortrait UIInterfaceOrientationLandscapeLeft UIInterfaceOrientationLandscapeRight";
				LD_RUNPATH_SEARCH_PATHS = (
					"$(inherited)",
					"@executable_path/Frameworks",
				);
				MARKETING_VERSION = 1.0;
				PRODUCT_BUNDLE_IDENTIFIER = cpp.StudentObject;
				PRODUCT_NAME = "$(TARGET_NAME)";
				SWIFT_EMIT_LOC_STRINGS = YES;
				SWIFT_VERSION = 5.0;
				TARGETED_DEVICE_FAMILY = "1,2";
			};
			name = Release;
		};
		76C5B2502800A416005D8FA5 /* Debug */ = {
			isa = XCBuildConfiguration;
			buildSettings = {
				ALWAYS_EMBED_SWIFT_STANDARD_LIBRARIES = YES;
				BUNDLE_LOADER = "$(TEST_HOST)";
				CODE_SIGN_STYLE = Automatic;
				CURRENT_PROJECT_VERSION = 1;
				GENERATE_INFOPLIST_FILE = YES;
				IPHONEOS_DEPLOYMENT_TARGET = 15.2;
				MARKETING_VERSION = 1.0;
				PRODUCT_BUNDLE_IDENTIFIER = cpp.StudentObjectTests;
				PRODUCT_NAME = "$(TARGET_NAME)";
				SWIFT_EMIT_LOC_STRINGS = NO;
				SWIFT_VERSION = 5.0;
				TARGETED_DEVICE_FAMILY = "1,2";
				TEST_HOST = "$(BUILT_PRODUCTS_DIR)/StudentObject.app/StudentObject";
			};
			name = Debug;
		};
		76C5B2512800A416005D8FA5 /* Release */ = {
			isa = XCBuildConfiguration;
			buildSettings = {
				ALWAYS_EMBED_SWIFT_STANDARD_LIBRARIES = YES;
				BUNDLE_LOADER = "$(TEST_HOST)";
				CODE_SIGN_STYLE = Automatic;
				CURRENT_PROJECT_VERSION = 1;
				GENERATE_INFOPLIST_FILE = YES;
				IPHONEOS_DEPLOYMENT_TARGET = 15.2;
				MARKETING_VERSION = 1.0;
				PRODUCT_BUNDLE_IDENTIFIER = cpp.StudentObjectTests;
				PRODUCT_NAME = "$(TARGET_NAME)";
				SWIFT_EMIT_LOC_STRINGS = NO;
				SWIFT_VERSION = 5.0;
				TARGETED_DEVICE_FAMILY = "1,2";
				TEST_HOST = "$(BUILT_PRODUCTS_DIR)/StudentObject.app/StudentObject";
			};
			name = Release;
		};
		76C5B2532800A416005D8FA5 /* Debug */ = {
			isa = XCBuildConfiguration;
			buildSettings = {
				ALWAYS_EMBED_SWIFT_STANDARD_LIBRARIES = YES;
				CODE_SIGN_STYLE = Automatic;
				CURRENT_PROJECT_VERSION = 1;
				GENERATE_INFOPLIST_FILE = YES;
				MARKETING_VERSION = 1.0;
				PRODUCT_BUNDLE_IDENTIFIER = cpp.StudentObjectUITests;
				PRODUCT_NAME = "$(TARGET_NAME)";
				SWIFT_EMIT_LOC_STRINGS = NO;
				SWIFT_VERSION = 5.0;
				TARGETED_DEVICE_FAMILY = "1,2";
				TEST_TARGET_NAME = StudentObject;
			};
			name = Debug;
		};
		76C5B2542800A416005D8FA5 /* Release */ = {
			isa = XCBuildConfiguration;
			buildSettings = {
				ALWAYS_EMBED_SWIFT_STANDARD_LIBRARIES = YES;
				CODE_SIGN_STYLE = Automatic;
				CURRENT_PROJECT_VERSION = 1;
				GENERATE_INFOPLIST_FILE = YES;
				MARKETING_VERSION = 1.0;
				PRODUCT_BUNDLE_IDENTIFIER = cpp.StudentObjectUITests;
				PRODUCT_NAME = "$(TARGET_NAME)";
				SWIFT_EMIT_LOC_STRINGS = NO;
				SWIFT_VERSION = 5.0;
				TARGETED_DEVICE_FAMILY = "1,2";
				TEST_TARGET_NAME = StudentObject;
			};
			name = Release;
		};
/* End XCBuildConfiguration section */

/* Begin XCConfigurationList section */
		76C5B21E2800A415005D8FA5 /* Build configuration list for PBXProject "StudentObject" */ = {
			isa = XCConfigurationList;
			buildConfigurations = (
				76C5B24A2800A416005D8FA5 /* Debug */,
				76C5B24B2800A416005D8FA5 /* Release */,
			);
			defaultConfigurationIsVisible = 0;
			defaultConfigurationName = Release;
		};
		76C5B24C2800A416005D8FA5 /* Build configuration list for PBXNativeTarget "StudentObject" */ = {
			isa = XCConfigurationList;
			buildConfigurations = (
				76C5B24D2800A416005D8FA5 /* Debug */,
				76C5B24E2800A416005D8FA5 /* Release */,
			);
			defaultConfigurationIsVisible = 0;
			defaultConfigurationName = Release;
		};
		76C5B24F2800A416005D8FA5 /* Build configuration list for PBXNativeTarget "StudentObjectTests" */ = {
			isa = XCConfigurationList;
			buildConfigurations = (
				76C5B2502800A416005D8FA5 /* Debug */,
				76C5B2512800A416005D8FA5 /* Release */,
			);
			defaultConfigurationIsVisible = 0;
			defaultConfigurationName = Release;
		};
		76C5B2522800A416005D8FA5 /* Build configuration list for PBXNativeTarget "StudentObjectUITests" */ = {
			isa = XCConfigurationList;
			buildConfigurations = (
				76C5B2532800A416005D8FA5 /* Debug */,
				76C5B2542800A416005D8FA5 /* Release */,
			);
			defaultConfigurationIsVisible = 0;
			defaultConfigurationName = Release;
		};
/* End XCConfigurationList section */

/* Begin XCVersionGroup section */
		76C5B2312800A416005D8FA5 /* StudentObject.xcdatamodeld */ = {
			isa = XCVersionGroup;
			children = (
				76C5B2322800A416005D8FA5 /* StudentObject.xcdatamodel */,
			);
			currentVersion = 76C5B2322800A416005D8FA5 /* StudentObject.xcdatamodel */;
			path = StudentObject.xcdatamodeld;
			sourceTree = "<group>";
			versionGroupType = wrapper.xcdatamodel;
		};
/* End XCVersionGroup section */
	};
	rootObject = 76C5B21B2800A415005D8FA5 /* Project object */;
}
